
Microsoft Visual Studio Solution File, Format Version 12.00
# Visual Studio 15
VisualStudioVersion = 15.0.27428.2002
MinimumVisualStudioVersion = 10.0.40219.1
Project("{FAE04EC0-301F-11D3-BF4B-00C04F79EFBC}") = "Vault Updater", "Vault Updater\Vault Updater.csproj", "{DEAD1CD1-8500-4227-B731-C5DEEBDCCC36}"
EndProject
Global
	GlobalSection(SolutionConfigurationPlatforms) = preSolution
		Debug|Any CPU = Debug|Any CPU
		Release|Any CPU = Release|Any CPU
	EndGlobalSection
	GlobalSection(ProjectConfigurationPlatforms) = postSolution
		{DEAD1CD1-8500-4227-B731-C5DEEBDCCC36}.Debug|Any CPU.ActiveCfg = Debug|Any CPU
		{DEAD1CD1-8500-4227-B731-C5DEEBDCCC36}.Debug|Any CPU.Build.0 = Debug|Any CPU
		{DEAD1CD1-8500-4227-B731-C5DEEBDCCC36}.Release|Any CPU.ActiveCfg = Release|Any CPU
		{DEAD1CD1-8500-4227-B731-C5DEEBDCCC36}.Release|Any CPU.Build.0 = Release|Any CPU
	EndGlobalSection
	GlobalSection(SolutionProperties) = preSolution
		HideSolutionNode = FALSE
	EndGlobalSection
	GlobalSection(ExtensibilityGlobals) = postSolution
		SolutionGuid = {0EB7982A-D2A1-44A9-8AE7-CBE1CC9A344C}
	EndGlobalSection
EndGlobal
