
Microsoft Visual Studio Solution File, Format Version 12.00
# Visual Studio 15
VisualStudioVersion = 15.0.27428.2002
MinimumVisualStudioVersion = 10.0.40219.1
Project("{FAE04EC0-301F-11D3-BF4B-00C04F79EFBC}") = "FerretMigration", "FerretMigration\FerretMigration.csproj", "{64CFC803-6188-446E-8460-120585F77B94}"
EndProject
Global
	GlobalSection(SolutionConfigurationPlatforms) = preSolution
		Debug|Any CPU = Debug|Any CPU
		Release|Any CPU = Release|Any CPU
	EndGlobalSection
	GlobalSection(ProjectConfigurationPlatforms) = postSolution
		{64CFC803-6188-446E-8460-120585F77B94}.Debug|Any CPU.ActiveCfg = Debug|Any CPU
		{64CFC803-6188-446E-8460-120585F77B94}.Debug|Any CPU.Build.0 = Debug|Any CPU
		{64CFC803-6188-446E-8460-120585F77B94}.Release|Any CPU.ActiveCfg = Release|Any CPU
		{64CFC803-6188-446E-8460-120585F77B94}.Release|Any CPU.Build.0 = Release|Any CPU
	EndGlobalSection
	GlobalSection(SolutionProperties) = preSolution
		HideSolutionNode = FALSE
	EndGlobalSection
	GlobalSection(ExtensibilityGlobals) = postSolution
		SolutionGuid = {A22C0192-AC40-4D71-B938-A3735147B0B9}
	EndGlobalSection
EndGlobal
