
Microsoft Visual Studio Solution File, Format Version 12.00
# Visual Studio 15
VisualStudioVersion = 15.0.27428.2002
MinimumVisualStudioVersion = 10.0.40219.1
Project("{FAE04EC0-301F-11D3-BF4B-00C04F79EFBC}") = "AliasGenerator", "AliasGenerator\AliasGenerator.csproj", "{1E8881C7-BE85-4CAC-8CF2-235A8755B458}"
EndProject
Global
	GlobalSection(SolutionConfigurationPlatforms) = preSolution
		Debug|Any CPU = Debug|Any CPU
		Release|Any CPU = Release|Any CPU
	EndGlobalSection
	GlobalSection(ProjectConfigurationPlatforms) = postSolution
		{1E8881C7-BE85-4CAC-8CF2-235A8755B458}.Debug|Any CPU.ActiveCfg = Debug|Any CPU
		{1E8881C7-BE85-4CAC-8CF2-235A8755B458}.Debug|Any CPU.Build.0 = Debug|Any CPU
		{1E8881C7-BE85-4CAC-8CF2-235A8755B458}.Release|Any CPU.ActiveCfg = Release|Any CPU
		{1E8881C7-BE85-4CAC-8CF2-235A8755B458}.Release|Any CPU.Build.0 = Release|Any CPU
	EndGlobalSection
	GlobalSection(SolutionProperties) = preSolution
		HideSolutionNode = FALSE
	EndGlobalSection
	GlobalSection(ExtensibilityGlobals) = postSolution
		SolutionGuid = {2D7883F1-CCA8-43F1-B80C-05E917B9DF11}
	EndGlobalSection
EndGlobal
